
Microsoft Visual Studio Solution File, Format Version 12.00
# Visual Studio Version 16
VisualStudioVersion = 16.0.31205.134
MinimumVisualStudioVersion = 10.0.40219.1
Project("{9A19103F-16F7-4668-BE54-9A1E7A4F7556}") = "PwdNote.Backend", "PwdNote.Backend\PwdNote.Backend.csproj", "{2147E56A-7790-4D99-9DA7-BAEF36EF62E6}"
EndProject
Project("{9A19103F-16F7-4668-BE54-9A1E7A4F7556}") = "PwdNote.Backend.Services", "PwdNote.Backend.Services\PwdNote.Backend.Services.csproj", "{64EDA6D8-B400-4D8C-B13A-3F352FD23D3E}"
EndProject
Project("{9A19103F-16F7-4668-BE54-9A1E7A4F7556}") = "PwdNote.Backend.Models", "PwdNote.Backend.Models\PwdNote.Backend.Models.csproj", "{AB078F3B-AC21-4A50-9170-0EC5D3B1B1BE}"
EndProject
Global
	GlobalSection(SolutionConfigurationPlatforms) = preSolution
		Debug|Any CPU = Debug|Any CPU
		Release|Any CPU = Release|Any CPU
	EndGlobalSection
	GlobalSection(ProjectConfigurationPlatforms) = postSolution
		{2147E56A-7790-4D99-9DA7-BAEF36EF62E6}.Debug|Any CPU.ActiveCfg = Debug|Any CPU
		{2147E56A-7790-4D99-9DA7-BAEF36EF62E6}.Debug|Any CPU.Build.0 = Debug|Any CPU
		{2147E56A-7790-4D99-9DA7-BAEF36EF62E6}.Release|Any CPU.ActiveCfg = Release|Any CPU
		{2147E56A-7790-4D99-9DA7-BAEF36EF62E6}.Release|Any CPU.Build.0 = Release|Any CPU
		{64EDA6D8-B400-4D8C-B13A-3F352FD23D3E}.Debug|Any CPU.ActiveCfg = Debug|Any CPU
		{64EDA6D8-B400-4D8C-B13A-3F352FD23D3E}.Debug|Any CPU.Build.0 = Debug|Any CPU
		{64EDA6D8-B400-4D8C-B13A-3F352FD23D3E}.Release|Any CPU.ActiveCfg = Release|Any CPU
		{64EDA6D8-B400-4D8C-B13A-3F352FD23D3E}.Release|Any CPU.Build.0 = Release|Any CPU
		{AB078F3B-AC21-4A50-9170-0EC5D3B1B1BE}.Debug|Any CPU.ActiveCfg = Debug|Any CPU
		{AB078F3B-AC21-4A50-9170-0EC5D3B1B1BE}.Debug|Any CPU.Build.0 = Debug|Any CPU
		{AB078F3B-AC21-4A50-9170-0EC5D3B1B1BE}.Release|Any CPU.ActiveCfg = Release|Any CPU
		{AB078F3B-AC21-4A50-9170-0EC5D3B1B1BE}.Release|Any CPU.Build.0 = Release|Any CPU
	EndGlobalSection
	GlobalSection(SolutionProperties) = preSolution
		HideSolutionNode = FALSE
	EndGlobalSection
	GlobalSection(ExtensibilityGlobals) = postSolution
		SolutionGuid = {3FE2C398-EA2B-40BD-94EB-1CBCBB87010E}
	EndGlobalSection
EndGlobal
